{
  "nodes": {
    "flake-utils": {
      "locked": {
        "lastModified": 1656928814,
        "narHash": "sha256-RIFfgBuKz6Hp89yRr7+NR5tzIAbn52h8vT6vXkYjZoM=",
        "owner": "numtide",
        "repo": "flake-utils",
        "rev": "7e2a3b3dfd9af950a856d66b0a7d01e3c18aa249",
        "type": "github"
      },
      "original": {
        "owner": "numtide",
        "repo": "flake-utils",
        "type": "github"
      }
    },
    "mobile-nixos": {
      "flake": false,
      "locked": {
        "lastModified": 1656299939,
        "narHash": "sha256-gODt71CCv0gnMNeU4GYdSBJkxsfmBy0uNv8owQC1oPs=",
        "owner": "nixos",
        "repo": "mobile-nixos",
        "rev": "de9a88a70f0ae5fc0839ff94bf29e8a30af399f8",
        "type": "github"
      },
      "original": {
        "owner": "nixos",
        "repo": "mobile-nixos",
        "type": "github"
      }
    },
    "nixpkgs": {
      "locked": {
        "lastModified": 1659131907,
        "narHash": "sha256-8bz4k18M/FuVC+EVcI4aREN2PsEKT7LGmU2orfjnpCg=",
        "owner": "nixos",
        "repo": "nixpkgs",
        "rev": "8d435fca5c561da8168abb30270788d2da2a7951",
        "type": "github"
      },
      "original": {
        "owner": "nixos",
        "ref": "nixos-unstable",
        "repo": "nixpkgs",
        "type": "github"
      }
    },
    "root": {
      "inputs": {
        "flake-utils": "flake-utils",
        "mobile-nixos": "mobile-nixos",
        "nixpkgs": "nixpkgs"
      }
    }
  },
  "root": "root",
  "version": 7
}
